
Microsoft Visual Studio Solution File, Format Version 12.00
# Visual Studio Version 16
VisualStudioVersion = 16.0.29009.5
MinimumVisualStudioVersion = 10.0.40219.1
Project("{FAE04EC0-301F-11D3-BF4B-00C04F79EFBC}") = "ContaBancaria", "ContaBancaria\ContaBancaria.csproj", "{723DC60E-B99A-4912-8D66-669040E44A40}"
EndProject
Global
	GlobalSection(SolutionConfigurationPlatforms) = preSolution
		Debug|Any CPU = Debug|Any CPU
		Release|Any CPU = Release|Any CPU
	EndGlobalSection
	GlobalSection(ProjectConfigurationPlatforms) = postSolution
		{723DC60E-B99A-4912-8D66-669040E44A40}.Debug|Any CPU.ActiveCfg = Debug|Any CPU
		{723DC60E-B99A-4912-8D66-669040E44A40}.Debug|Any CPU.Build.0 = Debug|Any CPU
		{723DC60E-B99A-4912-8D66-669040E44A40}.Release|Any CPU.ActiveCfg = Release|Any CPU
		{723DC60E-B99A-4912-8D66-669040E44A40}.Release|Any CPU.Build.0 = Release|Any CPU
	EndGlobalSection
	GlobalSection(SolutionProperties) = preSolution
		HideSolutionNode = FALSE
	EndGlobalSection
	GlobalSection(ExtensibilityGlobals) = postSolution
		SolutionGuid = {ED4E2A4A-79B4-4947-A2B9-A1F6E55CADF1}
	EndGlobalSection
EndGlobal
